
Microsoft Visual Studio Solution File, Format Version 12.00
# Visual Studio Version 16
VisualStudioVersion = 16.0.29806.167
MinimumVisualStudioVersion = 10.0.40219.1
Project("{9A19103F-16F7-4668-BE54-9A1E7A4F7556}") = "APJ.NET", "APJ.NET\APJ.NET.csproj", "{2F3C366D-BD13-4022-808E-C9AF989F7A95}"
EndProject
Project("{9A19103F-16F7-4668-BE54-9A1E7A4F7556}") = "DAO-G", "DAO-G\DAO-G.csproj", "{7CD84653-4E37-4D90-89A9-D0339FB68F34}"
EndProject
Global
	GlobalSection(SolutionConfigurationPlatforms) = preSolution
		Debug|Any CPU = Debug|Any CPU
		Release|Any CPU = Release|Any CPU
	EndGlobalSection
	GlobalSection(ProjectConfigurationPlatforms) = postSolution
		{2F3C366D-BD13-4022-808E-C9AF989F7A95}.Debug|Any CPU.ActiveCfg = Debug|Any CPU
		{2F3C366D-BD13-4022-808E-C9AF989F7A95}.Debug|Any CPU.Build.0 = Debug|Any CPU
		{2F3C366D-BD13-4022-808E-C9AF989F7A95}.Release|Any CPU.ActiveCfg = Release|Any CPU
		{2F3C366D-BD13-4022-808E-C9AF989F7A95}.Release|Any CPU.Build.0 = Release|Any CPU
		{7CD84653-4E37-4D90-89A9-D0339FB68F34}.Debug|Any CPU.ActiveCfg = Debug|Any CPU
		{7CD84653-4E37-4D90-89A9-D0339FB68F34}.Debug|Any CPU.Build.0 = Debug|Any CPU
		{7CD84653-4E37-4D90-89A9-D0339FB68F34}.Release|Any CPU.ActiveCfg = Release|Any CPU
		{7CD84653-4E37-4D90-89A9-D0339FB68F34}.Release|Any CPU.Build.0 = Release|Any CPU
	EndGlobalSection
	GlobalSection(SolutionProperties) = preSolution
		HideSolutionNode = FALSE
	EndGlobalSection
	GlobalSection(ExtensibilityGlobals) = postSolution
		SolutionGuid = {2BC44A8B-23C2-481A-AB74-FE06F454B23D}
	EndGlobalSection
EndGlobal
