
Microsoft Visual Studio Solution File, Format Version 12.00
# Visual Studio Version 16
VisualStudioVersion = 16.0.29806.167
MinimumVisualStudioVersion = 10.0.40219.1
Project("{FAE04EC0-301F-11D3-BF4B-00C04F79EFBC}") = "APJ-Generator", "APJ-Generator\APJ-Generator.csproj", "{BAC152A0-A1B8-419A-9A56-019E470533D2}"
EndProject
Global
	GlobalSection(SolutionConfigurationPlatforms) = preSolution
		Debug|Any CPU = Debug|Any CPU
		Release|Any CPU = Release|Any CPU
	EndGlobalSection
	GlobalSection(ProjectConfigurationPlatforms) = postSolution
		{BAC152A0-A1B8-419A-9A56-019E470533D2}.Debug|Any CPU.ActiveCfg = Debug|Any CPU
		{BAC152A0-A1B8-419A-9A56-019E470533D2}.Debug|Any CPU.Build.0 = Debug|Any CPU
		{BAC152A0-A1B8-419A-9A56-019E470533D2}.Release|Any CPU.ActiveCfg = Release|Any CPU
		{BAC152A0-A1B8-419A-9A56-019E470533D2}.Release|Any CPU.Build.0 = Release|Any CPU
	EndGlobalSection
	GlobalSection(SolutionProperties) = preSolution
		HideSolutionNode = FALSE
	EndGlobalSection
	GlobalSection(ExtensibilityGlobals) = postSolution
		SolutionGuid = {091D0097-5502-49BC-B44D-C541A7D8C896}
	EndGlobalSection
EndGlobal
